
Microsoft Visual Studio Solution File, Format Version 12.00
# Visual Studio Version 16
VisualStudioVersion = 16.0.30309.148
MinimumVisualStudioVersion = 10.0.40219.1
Project("{FAE04EC0-301F-11D3-BF4B-00C04F79EFBC}") = "WAppServer", "WAppServer\WAppServer.csproj", "{8D81A94C-C94B-4C68-B463-D3D3C9DAD9E4}"
EndProject
Project("{FAE04EC0-301F-11D3-BF4B-00C04F79EFBC}") = "WAppServer.UnitTest", "WAppServer.UnitTest\WAppServer.UnitTest.csproj", "{4A4834A1-1D62-40CF-9468-9F67272CAA4F}"
EndProject
Project("{FAE04EC0-301F-11D3-BF4B-00C04F79EFBC}") = "WAppServer.Objects", "WAppServer.Objects\WAppServer.Objects.csproj", "{AE45A328-3991-43BB-B9FE-A84EC25EB494}"
EndProject
Project("{FAE04EC0-301F-11D3-BF4B-00C04F79EFBC}") = "WAppServer.Framework", "WAppServer.Framework\WAppServer.Framework.csproj", "{DE56D506-4764-48D1-98D9-154C94659AC6}"
EndProject
Project("{FAE04EC0-301F-11D3-BF4B-00C04F79EFBC}") = "WAppServer.Framework.Test", "WAppServer.Framework.Test\WAppServer.Framework.Test.csproj", "{9B5E6282-AB27-461A-A0D4-C659EA5194C5}"
EndProject
Project("{FAE04EC0-301F-11D3-BF4B-00C04F79EFBC}") = "WAppServer.Objects.Test", "WAppServer.Objects.Test\WAppServer.Objects.Test.csproj", "{EDB8DC38-85BF-4990-8E24-952013867926}"
EndProject
Project("{FAE04EC0-301F-11D3-BF4B-00C04F79EFBC}") = "WAppServer.Migrate", "WAppServer.Migrate\WAppServer.Migrate.csproj", "{F3903444-0F92-44D6-81E6-52CCA6B8D3E5}"
EndProject
Global
	GlobalSection(SolutionConfigurationPlatforms) = preSolution
		Debug|Any CPU = Debug|Any CPU
		Debug|ARM = Debug|ARM
		Debug|ARM64 = Debug|ARM64
		Debug|x64 = Debug|x64
		Debug|x86 = Debug|x86
		Release|Any CPU = Release|Any CPU
		Release|ARM = Release|ARM
		Release|ARM64 = Release|ARM64
		Release|x64 = Release|x64
		Release|x86 = Release|x86
	EndGlobalSection
	GlobalSection(ProjectConfigurationPlatforms) = postSolution
		{8D81A94C-C94B-4C68-B463-D3D3C9DAD9E4}.Debug|Any CPU.ActiveCfg = Debug|x86
		{8D81A94C-C94B-4C68-B463-D3D3C9DAD9E4}.Debug|ARM.ActiveCfg = Debug|ARM
		{8D81A94C-C94B-4C68-B463-D3D3C9DAD9E4}.Debug|ARM.Build.0 = Debug|ARM
		{8D81A94C-C94B-4C68-B463-D3D3C9DAD9E4}.Debug|ARM.Deploy.0 = Debug|ARM
		{8D81A94C-C94B-4C68-B463-D3D3C9DAD9E4}.Debug|ARM64.ActiveCfg = Debug|ARM64
		{8D81A94C-C94B-4C68-B463-D3D3C9DAD9E4}.Debug|ARM64.Build.0 = Debug|ARM64
		{8D81A94C-C94B-4C68-B463-D3D3C9DAD9E4}.Debug|ARM64.Deploy.0 = Debug|ARM64
		{8D81A94C-C94B-4C68-B463-D3D3C9DAD9E4}.Debug|x64.ActiveCfg = Debug|x64
		{8D81A94C-C94B-4C68-B463-D3D3C9DAD9E4}.Debug|x64.Build.0 = Debug|x64
		{8D81A94C-C94B-4C68-B463-D3D3C9DAD9E4}.Debug|x64.Deploy.0 = Debug|x64
		{8D81A94C-C94B-4C68-B463-D3D3C9DAD9E4}.Debug|x86.ActiveCfg = Debug|x86
		{8D81A94C-C94B-4C68-B463-D3D3C9DAD9E4}.Debug|x86.Build.0 = Debug|x86
		{8D81A94C-C94B-4C68-B463-D3D3C9DAD9E4}.Debug|x86.Deploy.0 = Debug|x86
		{8D81A94C-C94B-4C68-B463-D3D3C9DAD9E4}.Release|Any CPU.ActiveCfg = Release|x86
		{8D81A94C-C94B-4C68-B463-D3D3C9DAD9E4}.Release|ARM.ActiveCfg = Release|ARM
		{8D81A94C-C94B-4C68-B463-D3D3C9DAD9E4}.Release|ARM.Build.0 = Release|ARM
		{8D81A94C-C94B-4C68-B463-D3D3C9DAD9E4}.Release|ARM.Deploy.0 = Release|ARM
		{8D81A94C-C94B-4C68-B463-D3D3C9DAD9E4}.Release|ARM64.ActiveCfg = Release|ARM64
		{8D81A94C-C94B-4C68-B463-D3D3C9DAD9E4}.Release|ARM64.Build.0 = Release|ARM64
		{8D81A94C-C94B-4C68-B463-D3D3C9DAD9E4}.Release|ARM64.Deploy.0 = Release|ARM64
		{8D81A94C-C94B-4C68-B463-D3D3C9DAD9E4}.Release|x64.ActiveCfg = Release|x64
		{8D81A94C-C94B-4C68-B463-D3D3C9DAD9E4}.Release|x64.Build.0 = Release|x64
		{8D81A94C-C94B-4C68-B463-D3D3C9DAD9E4}.Release|x64.Deploy.0 = Release|x64
		{8D81A94C-C94B-4C68-B463-D3D3C9DAD9E4}.Release|x86.ActiveCfg = Release|x86
		{8D81A94C-C94B-4C68-B463-D3D3C9DAD9E4}.Release|x86.Build.0 = Release|x86
		{8D81A94C-C94B-4C68-B463-D3D3C9DAD9E4}.Release|x86.Deploy.0 = Release|x86
		{4A4834A1-1D62-40CF-9468-9F67272CAA4F}.Debug|Any CPU.ActiveCfg = Debug|x86
		{4A4834A1-1D62-40CF-9468-9F67272CAA4F}.Debug|ARM.ActiveCfg = Debug|ARM
		{4A4834A1-1D62-40CF-9468-9F67272CAA4F}.Debug|ARM.Build.0 = Debug|ARM
		{4A4834A1-1D62-40CF-9468-9F67272CAA4F}.Debug|ARM.Deploy.0 = Debug|ARM
		{4A4834A1-1D62-40CF-9468-9F67272CAA4F}.Debug|ARM64.ActiveCfg = Debug|ARM64
		{4A4834A1-1D62-40CF-9468-9F67272CAA4F}.Debug|ARM64.Build.0 = Debug|ARM64
		{4A4834A1-1D62-40CF-9468-9F67272CAA4F}.Debug|ARM64.Deploy.0 = Debug|ARM64
		{4A4834A1-1D62-40CF-9468-9F67272CAA4F}.Debug|x64.ActiveCfg = Debug|x64
		{4A4834A1-1D62-40CF-9468-9F67272CAA4F}.Debug|x64.Build.0 = Debug|x64
		{4A4834A1-1D62-40CF-9468-9F67272CAA4F}.Debug|x64.Deploy.0 = Debug|x64
		{4A4834A1-1D62-40CF-9468-9F67272CAA4F}.Debug|x86.ActiveCfg = Debug|x86
		{4A4834A1-1D62-40CF-9468-9F67272CAA4F}.Debug|x86.Build.0 = Debug|x86
		{4A4834A1-1D62-40CF-9468-9F67272CAA4F}.Debug|x86.Deploy.0 = Debug|x86
		{4A4834A1-1D62-40CF-9468-9F67272CAA4F}.Release|Any CPU.ActiveCfg = Release|x86
		{4A4834A1-1D62-40CF-9468-9F67272CAA4F}.Release|ARM.ActiveCfg = Release|ARM
		{4A4834A1-1D62-40CF-9468-9F67272CAA4F}.Release|ARM.Build.0 = Release|ARM
		{4A4834A1-1D62-40CF-9468-9F67272CAA4F}.Release|ARM.Deploy.0 = Release|ARM
		{4A4834A1-1D62-40CF-9468-9F67272CAA4F}.Release|ARM64.ActiveCfg = Release|ARM64
		{4A4834A1-1D62-40CF-9468-9F67272CAA4F}.Release|ARM64.Build.0 = Release|ARM64
		{4A4834A1-1D62-40CF-9468-9F67272CAA4F}.Release|ARM64.Deploy.0 = Release|ARM64
		{4A4834A1-1D62-40CF-9468-9F67272CAA4F}.Release|x64.ActiveCfg = Release|x64
		{4A4834A1-1D62-40CF-9468-9F67272CAA4F}.Release|x64.Build.0 = Release|x64
		{4A4834A1-1D62-40CF-9468-9F67272CAA4F}.Release|x64.Deploy.0 = Release|x64
		{4A4834A1-1D62-40CF-9468-9F67272CAA4F}.Release|x86.ActiveCfg = Release|x86
		{4A4834A1-1D62-40CF-9468-9F67272CAA4F}.Release|x86.Build.0 = Release|x86
		{4A4834A1-1D62-40CF-9468-9F67272CAA4F}.Release|x86.Deploy.0 = Release|x86
		{AE45A328-3991-43BB-B9FE-A84EC25EB494}.Debug|Any CPU.ActiveCfg = Debug|Any CPU
		{AE45A328-3991-43BB-B9FE-A84EC25EB494}.Debug|Any CPU.Build.0 = Debug|Any CPU
		{AE45A328-3991-43BB-B9FE-A84EC25EB494}.Debug|ARM.ActiveCfg = Debug|Any CPU
		{AE45A328-3991-43BB-B9FE-A84EC25EB494}.Debug|ARM.Build.0 = Debug|Any CPU
		{AE45A328-3991-43BB-B9FE-A84EC25EB494}.Debug|ARM64.ActiveCfg = Debug|Any CPU
		{AE45A328-3991-43BB-B9FE-A84EC25EB494}.Debug|ARM64.Build.0 = Debug|Any CPU
		{AE45A328-3991-43BB-B9FE-A84EC25EB494}.Debug|x64.ActiveCfg = Debug|Any CPU
		{AE45A328-3991-43BB-B9FE-A84EC25EB494}.Debug|x64.Build.0 = Debug|Any CPU
		{AE45A328-3991-43BB-B9FE-A84EC25EB494}.Debug|x86.ActiveCfg = Debug|Any CPU
		{AE45A328-3991-43BB-B9FE-A84EC25EB494}.Debug|x86.Build.0 = Debug|Any CPU
		{AE45A328-3991-43BB-B9FE-A84EC25EB494}.Release|Any CPU.ActiveCfg = Release|Any CPU
		{AE45A328-3991-43BB-B9FE-A84EC25EB494}.Release|Any CPU.Build.0 = Release|Any CPU
		{AE45A328-3991-43BB-B9FE-A84EC25EB494}.Release|ARM.ActiveCfg = Release|Any CPU
		{AE45A328-3991-43BB-B9FE-A84EC25EB494}.Release|ARM.Build.0 = Release|Any CPU
		{AE45A328-3991-43BB-B9FE-A84EC25EB494}.Release|ARM64.ActiveCfg = Release|Any CPU
		{AE45A328-3991-43BB-B9FE-A84EC25EB494}.Release|ARM64.Build.0 = Release|Any CPU
		{AE45A328-3991-43BB-B9FE-A84EC25EB494}.Release|x64.ActiveCfg = Release|Any CPU
		{AE45A328-3991-43BB-B9FE-A84EC25EB494}.Release|x64.Build.0 = Release|Any CPU
		{AE45A328-3991-43BB-B9FE-A84EC25EB494}.Release|x86.ActiveCfg = Release|Any CPU
		{AE45A328-3991-43BB-B9FE-A84EC25EB494}.Release|x86.Build.0 = Release|Any CPU
		{DE56D506-4764-48D1-98D9-154C94659AC6}.Debug|Any CPU.ActiveCfg = Debug|Any CPU
		{DE56D506-4764-48D1-98D9-154C94659AC6}.Debug|Any CPU.Build.0 = Debug|Any CPU
		{DE56D506-4764-48D1-98D9-154C94659AC6}.Debug|ARM.ActiveCfg = Debug|Any CPU
		{DE56D506-4764-48D1-98D9-154C94659AC6}.Debug|ARM.Build.0 = Debug|Any CPU
		{DE56D506-4764-48D1-98D9-154C94659AC6}.Debug|ARM64.ActiveCfg = Debug|Any CPU
		{DE56D506-4764-48D1-98D9-154C94659AC6}.Debug|ARM64.Build.0 = Debug|Any CPU
		{DE56D506-4764-48D1-98D9-154C94659AC6}.Debug|x64.ActiveCfg = Debug|Any CPU
		{DE56D506-4764-48D1-98D9-154C94659AC6}.Debug|x64.Build.0 = Debug|Any CPU
		{DE56D506-4764-48D1-98D9-154C94659AC6}.Debug|x86.ActiveCfg = Debug|Any CPU
		{DE56D506-4764-48D1-98D9-154C94659AC6}.Debug|x86.Build.0 = Debug|Any CPU
		{DE56D506-4764-48D1-98D9-154C94659AC6}.Release|Any CPU.ActiveCfg = Release|Any CPU
		{DE56D506-4764-48D1-98D9-154C94659AC6}.Release|Any CPU.Build.0 = Release|Any CPU
		{DE56D506-4764-48D1-98D9-154C94659AC6}.Release|ARM.ActiveCfg = Release|Any CPU
		{DE56D506-4764-48D1-98D9-154C94659AC6}.Release|ARM.Build.0 = Release|Any CPU
		{DE56D506-4764-48D1-98D9-154C94659AC6}.Release|ARM64.ActiveCfg = Release|Any CPU
		{DE56D506-4764-48D1-98D9-154C94659AC6}.Release|ARM64.Build.0 = Release|Any CPU
		{DE56D506-4764-48D1-98D9-154C94659AC6}.Release|x64.ActiveCfg = Release|Any CPU
		{DE56D506-4764-48D1-98D9-154C94659AC6}.Release|x64.Build.0 = Release|Any CPU
		{DE56D506-4764-48D1-98D9-154C94659AC6}.Release|x86.ActiveCfg = Release|Any CPU
		{DE56D506-4764-48D1-98D9-154C94659AC6}.Release|x86.Build.0 = Release|Any CPU
		{9B5E6282-AB27-461A-A0D4-C659EA5194C5}.Debug|Any CPU.ActiveCfg = Debug|Any CPU
		{9B5E6282-AB27-461A-A0D4-C659EA5194C5}.Debug|Any CPU.Build.0 = Debug|Any CPU
		{9B5E6282-AB27-461A-A0D4-C659EA5194C5}.Debug|ARM.ActiveCfg = Debug|Any CPU
		{9B5E6282-AB27-461A-A0D4-C659EA5194C5}.Debug|ARM.Build.0 = Debug|Any CPU
		{9B5E6282-AB27-461A-A0D4-C659EA5194C5}.Debug|ARM64.ActiveCfg = Debug|Any CPU
		{9B5E6282-AB27-461A-A0D4-C659EA5194C5}.Debug|ARM64.Build.0 = Debug|Any CPU
		{9B5E6282-AB27-461A-A0D4-C659EA5194C5}.Debug|x64.ActiveCfg = Debug|Any CPU
		{9B5E6282-AB27-461A-A0D4-C659EA5194C5}.Debug|x64.Build.0 = Debug|Any CPU
		{9B5E6282-AB27-461A-A0D4-C659EA5194C5}.Debug|x86.ActiveCfg = Debug|Any CPU
		{9B5E6282-AB27-461A-A0D4-C659EA5194C5}.Debug|x86.Build.0 = Debug|Any CPU
		{9B5E6282-AB27-461A-A0D4-C659EA5194C5}.Release|Any CPU.ActiveCfg = Release|Any CPU
		{9B5E6282-AB27-461A-A0D4-C659EA5194C5}.Release|Any CPU.Build.0 = Release|Any CPU
		{9B5E6282-AB27-461A-A0D4-C659EA5194C5}.Release|ARM.ActiveCfg = Release|Any CPU
		{9B5E6282-AB27-461A-A0D4-C659EA5194C5}.Release|ARM.Build.0 = Release|Any CPU
		{9B5E6282-AB27-461A-A0D4-C659EA5194C5}.Release|ARM64.ActiveCfg = Release|Any CPU
		{9B5E6282-AB27-461A-A0D4-C659EA5194C5}.Release|ARM64.Build.0 = Release|Any CPU
		{9B5E6282-AB27-461A-A0D4-C659EA5194C5}.Release|x64.ActiveCfg = Release|Any CPU
		{9B5E6282-AB27-461A-A0D4-C659EA5194C5}.Release|x64.Build.0 = Release|Any CPU
		{9B5E6282-AB27-461A-A0D4-C659EA5194C5}.Release|x86.ActiveCfg = Release|Any CPU
		{9B5E6282-AB27-461A-A0D4-C659EA5194C5}.Release|x86.Build.0 = Release|Any CPU
		{EDB8DC38-85BF-4990-8E24-952013867926}.Debug|Any CPU.ActiveCfg = Debug|Any CPU
		{EDB8DC38-85BF-4990-8E24-952013867926}.Debug|Any CPU.Build.0 = Debug|Any CPU
		{EDB8DC38-85BF-4990-8E24-952013867926}.Debug|ARM.ActiveCfg = Debug|Any CPU
		{EDB8DC38-85BF-4990-8E24-952013867926}.Debug|ARM.Build.0 = Debug|Any CPU
		{EDB8DC38-85BF-4990-8E24-952013867926}.Debug|ARM64.ActiveCfg = Debug|Any CPU
		{EDB8DC38-85BF-4990-8E24-952013867926}.Debug|ARM64.Build.0 = Debug|Any CPU
		{EDB8DC38-85BF-4990-8E24-952013867926}.Debug|x64.ActiveCfg = Debug|Any CPU
		{EDB8DC38-85BF-4990-8E24-952013867926}.Debug|x64.Build.0 = Debug|Any CPU
		{EDB8DC38-85BF-4990-8E24-952013867926}.Debug|x86.ActiveCfg = Debug|Any CPU
		{EDB8DC38-85BF-4990-8E24-952013867926}.Debug|x86.Build.0 = Debug|Any CPU
		{EDB8DC38-85BF-4990-8E24-952013867926}.Release|Any CPU.ActiveCfg = Release|Any CPU
		{EDB8DC38-85BF-4990-8E24-952013867926}.Release|Any CPU.Build.0 = Release|Any CPU
		{EDB8DC38-85BF-4990-8E24-952013867926}.Release|ARM.ActiveCfg = Release|Any CPU
		{EDB8DC38-85BF-4990-8E24-952013867926}.Release|ARM.Build.0 = Release|Any CPU
		{EDB8DC38-85BF-4990-8E24-952013867926}.Release|ARM64.ActiveCfg = Release|Any CPU
		{EDB8DC38-85BF-4990-8E24-952013867926}.Release|ARM64.Build.0 = Release|Any CPU
		{EDB8DC38-85BF-4990-8E24-952013867926}.Release|x64.ActiveCfg = Release|Any CPU
		{EDB8DC38-85BF-4990-8E24-952013867926}.Release|x64.Build.0 = Release|Any CPU
		{EDB8DC38-85BF-4990-8E24-952013867926}.Release|x86.ActiveCfg = Release|Any CPU
		{EDB8DC38-85BF-4990-8E24-952013867926}.Release|x86.Build.0 = Release|Any CPU
		{F3903444-0F92-44D6-81E6-52CCA6B8D3E5}.Debug|Any CPU.ActiveCfg = Debug|Any CPU
		{F3903444-0F92-44D6-81E6-52CCA6B8D3E5}.Debug|Any CPU.Build.0 = Debug|Any CPU
		{F3903444-0F92-44D6-81E6-52CCA6B8D3E5}.Debug|ARM.ActiveCfg = Debug|Any CPU
		{F3903444-0F92-44D6-81E6-52CCA6B8D3E5}.Debug|ARM.Build.0 = Debug|Any CPU
		{F3903444-0F92-44D6-81E6-52CCA6B8D3E5}.Debug|ARM64.ActiveCfg = Debug|Any CPU
		{F3903444-0F92-44D6-81E6-52CCA6B8D3E5}.Debug|ARM64.Build.0 = Debug|Any CPU
		{F3903444-0F92-44D6-81E6-52CCA6B8D3E5}.Debug|x64.ActiveCfg = Debug|Any CPU
		{F3903444-0F92-44D6-81E6-52CCA6B8D3E5}.Debug|x64.Build.0 = Debug|Any CPU
		{F3903444-0F92-44D6-81E6-52CCA6B8D3E5}.Debug|x86.ActiveCfg = Debug|Any CPU
		{F3903444-0F92-44D6-81E6-52CCA6B8D3E5}.Debug|x86.Build.0 = Debug|Any CPU
		{F3903444-0F92-44D6-81E6-52CCA6B8D3E5}.Release|Any CPU.ActiveCfg = Release|Any CPU
		{F3903444-0F92-44D6-81E6-52CCA6B8D3E5}.Release|Any CPU.Build.0 = Release|Any CPU
		{F3903444-0F92-44D6-81E6-52CCA6B8D3E5}.Release|ARM.ActiveCfg = Release|Any CPU
		{F3903444-0F92-44D6-81E6-52CCA6B8D3E5}.Release|ARM.Build.0 = Release|Any CPU
		{F3903444-0F92-44D6-81E6-52CCA6B8D3E5}.Release|ARM64.ActiveCfg = Release|Any CPU
		{F3903444-0F92-44D6-81E6-52CCA6B8D3E5}.Release|ARM64.Build.0 = Release|Any CPU
		{F3903444-0F92-44D6-81E6-52CCA6B8D3E5}.Release|x64.ActiveCfg = Release|Any CPU
		{F3903444-0F92-44D6-81E6-52CCA6B8D3E5}.Release|x64.Build.0 = Release|Any CPU
		{F3903444-0F92-44D6-81E6-52CCA6B8D3E5}.Release|x86.ActiveCfg = Release|Any CPU
		{F3903444-0F92-44D6-81E6-52CCA6B8D3E5}.Release|x86.Build.0 = Release|Any CPU
	EndGlobalSection
	GlobalSection(SolutionProperties) = preSolution
		HideSolutionNode = FALSE
	EndGlobalSection
	GlobalSection(ExtensibilityGlobals) = postSolution
		SolutionGuid = {E1695E79-67AE-4C62-9599-09BDAFF9B4BC}
	EndGlobalSection
EndGlobal
